{
  "version": 4,
  "terraform_version": "1.3.8",
  "serial": 1,
  "lineage": "de828ecb-dbd8-c1e0-7d00-4bbfd764ec93",
  "outputs": {},
  "resources": [
    {
      "mode": "managed",
      "type": "aws_vpc",
      "name": "example",
      "provider": "provider[\"registry.terraform.io/hashicorp/aws\"]",
      "instances": [
        {
          "schema_version": 1,
          "attributes": {
            "arn": "arn:aws:ec2:us-east-1:289325263163:vpc/vpc-04365a81e76d5d488",
            "assign_generated_ipv6_cidr_block": false,
            "cidr_block": "10.0.0.0/16",
            "default_network_acl_id": "acl-0129477c4b08dec31",
            "default_route_table_id": "rtb-03be4853e9d3bcd09",
            "default_security_group_id": "sg-086d6de2722853634",
            "dhcp_options_id": "dopt-04e0bf606b2cd6704",
            "enable_classiclink": false,
            "enable_classiclink_dns_support": false,
            "enable_dns_hostnames": false,
            "enable_dns_support": true,
            "enable_network_address_usage_metrics": false,
            "id": "vpc-04365a81e76d5d488",
            "instance_tenancy": "default",
            "ipv4_ipam_pool_id": null,
            "ipv4_netmask_length": null,
            "ipv6_association_id": "",
            "ipv6_cidr_block": "",
            "ipv6_cidr_block_network_border_group": "",
            "ipv6_ipam_pool_id": "",
            "ipv6_netmask_length": 0,
            "main_route_table_id": "rtb-03be4853e9d3bcd09",
            "owner_id": "289325263163",
            "tags": {
              "Name": "terraform vpc"
            },
            "tags_all": {
              "Name": "terraform vpc"
            }
          },
          "sensitive_attributes": [],
          "private": "eyJzY2hlbWFfdmVyc2lvbiI6IjEifQ=="
        }
      ]
    }
  ],
  "check_results": null
}
